
Microsoft Visual Studio Solution File, Format Version 12.00
# Visual Studio Version 17
VisualStudioVersion = 17.9.34622.214
MinimumVisualStudioVersion = 10.0.40219.1
Project("{9A19103F-16F7-4668-BE54-9A1E7A4F7556}") = "DemoStore.WebUI", "DemoStore.WebUI\DemoStore.WebUI.csproj", "{9887A223-76FE-4113-804C-8B6D1D04CEB9}"
EndProject
Project("{FAE04EC0-301F-11D3-BF4B-00C04F79EFBC}") = "DemoStore.WebApi", "DemoStore.WebApi\DemoStore.WebApi.csproj", "{D4FFD9AD-2596-4696-89FD-D3D6A497A19C}"
EndProject
Global
	GlobalSection(SolutionConfigurationPlatforms) = preSolution
		Debug|Any CPU = Debug|Any CPU
		Release|Any CPU = Release|Any CPU
	EndGlobalSection
	GlobalSection(ProjectConfigurationPlatforms) = postSolution
		{9887A223-76FE-4113-804C-8B6D1D04CEB9}.Debug|Any CPU.ActiveCfg = Debug|Any CPU
		{9887A223-76FE-4113-804C-8B6D1D04CEB9}.Debug|Any CPU.Build.0 = Debug|Any CPU
		{9887A223-76FE-4113-804C-8B6D1D04CEB9}.Release|Any CPU.ActiveCfg = Release|Any CPU
		{9887A223-76FE-4113-804C-8B6D1D04CEB9}.Release|Any CPU.Build.0 = Release|Any CPU
		{D4FFD9AD-2596-4696-89FD-D3D6A497A19C}.Debug|Any CPU.ActiveCfg = Debug|Any CPU
		{D4FFD9AD-2596-4696-89FD-D3D6A497A19C}.Debug|Any CPU.Build.0 = Debug|Any CPU
		{D4FFD9AD-2596-4696-89FD-D3D6A497A19C}.Release|Any CPU.ActiveCfg = Release|Any CPU
		{D4FFD9AD-2596-4696-89FD-D3D6A497A19C}.Release|Any CPU.Build.0 = Release|Any CPU
	EndGlobalSection
	GlobalSection(SolutionProperties) = preSolution
		HideSolutionNode = FALSE
	EndGlobalSection
	GlobalSection(ExtensibilityGlobals) = postSolution
		SolutionGuid = {C26A8256-A720-4B11-BA62-0FBDAADC05D0}
	EndGlobalSection
EndGlobal
